// !$*UTF8*$!
{
	archiveVersion = 1;
	classes = {
	};
	objectVersion = 56;
	objects = {

/* Begin PBXBuildFile section */
		AFA64D662C19DC8300737DC8 /* WBChatsApp.swift in Sources */ = {isa = PBXBuildFile; fileRef = AFA64D652C19DC8300737DC8 /* WBChatsApp.swift */; };
		AFA64D682C19DC8300737DC8 /* WalkthroughView.swift in Sources */ = {isa = PBXBuildFile; fileRef = AFA64D672C19DC8300737DC8 /* WalkthroughView.swift */; };
		AFA64D6A2C19DC8500737DC8 /* Assets.xcassets in Resources */ = {isa = PBXBuildFile; fileRef = AFA64D692C19DC8500737DC8 /* Assets.xcassets */; };
		AFA64D6D2C19DC8500737DC8 /* Preview Assets.xcassets in Resources */ = {isa = PBXBuildFile; fileRef = AFA64D6C2C19DC8500737DC8 /* Preview Assets.xcassets */; };
		AFA64D762C1A0D9E00737DC8 /* HeadlineTitleView.swift in Sources */ = {isa = PBXBuildFile; fileRef = AFA64D752C1A0D9E00737DC8 /* HeadlineTitleView.swift */; };
		AFA64D782C1A0DBD00737DC8 /* ButtonWBView.swift in Sources */ = {isa = PBXBuildFile; fileRef = AFA64D772C1A0DBD00737DC8 /* ButtonWBView.swift */; };
		AFA64D7A2C1A0E4D00737DC8 /* ModalPrivacyPolicyView.swift in Sources */ = {isa = PBXBuildFile; fileRef = AFA64D792C1A0E4D00737DC8 /* ModalPrivacyPolicyView.swift */; };
		AFA64D7C2C1A0E6E00737DC8 /* ModalTermsOfUseView.swift in Sources */ = {isa = PBXBuildFile; fileRef = AFA64D7B2C1A0E6E00737DC8 /* ModalTermsOfUseView.swift */; };
		AFA64D802C1A169B00737DC8 /* TitleView.swift in Sources */ = {isa = PBXBuildFile; fileRef = AFA64D7F2C1A169B00737DC8 /* TitleView.swift */; };
		AFA64D822C1A17E400737DC8 /* TextView.swift in Sources */ = {isa = PBXBuildFile; fileRef = AFA64D812C1A17E400737DC8 /* TextView.swift */; };
		AFA64D842C1A1B2E00737DC8 /* ContactsRows.swift in Sources */ = {isa = PBXBuildFile; fileRef = AFA64D832C1A1B2E00737DC8 /* ContactsRows.swift */; };
		AFA64D862C1A200600737DC8 /* AvatarView.swift in Sources */ = {isa = PBXBuildFile; fileRef = AFA64D852C1A200600737DC8 /* AvatarView.swift */; };
		AFA64D882C1DD31C00737DC8 /* ContactsView.swift in Sources */ = {isa = PBXBuildFile; fileRef = AFA64D872C1DD31C00737DC8 /* ContactsView.swift */; };
		AFA64D8A2C1E318A00737DC8 /* ProfileAccountView.swift in Sources */ = {isa = PBXBuildFile; fileRef = AFA64D892C1E318A00737DC8 /* ProfileAccountView.swift */; };
		AFA64D8C2C1F6A1800737DC8 /* PersonRowView.swift in Sources */ = {isa = PBXBuildFile; fileRef = AFA64D8B2C1F6A1800737DC8 /* PersonRowView.swift */; };
		AFA64D8E2C1F6D5600737DC8 /* GrayTextView.swift in Sources */ = {isa = PBXBuildFile; fileRef = AFA64D8D2C1F6D5600737DC8 /* GrayTextView.swift */; };
		AFA64D932C20BF8200737DC8 /* DetailsAvatarView.swift in Sources */ = {isa = PBXBuildFile; fileRef = AFA64D922C20BF8200737DC8 /* DetailsAvatarView.swift */; };
		AFA64D952C20D64200737DC8 /* ChatsView.swift in Sources */ = {isa = PBXBuildFile; fileRef = AFA64D942C20D64200737DC8 /* ChatsView.swift */; };
		AFA64D972C20D65500737DC8 /* MoreView.swift in Sources */ = {isa = PBXBuildFile; fileRef = AFA64D962C20D65500737DC8 /* MoreView.swift */; };
		AFA64D9A2C20D72200737DC8 /* CurrentScreenView.swift in Sources */ = {isa = PBXBuildFile; fileRef = AFA64D992C20D72200737DC8 /* CurrentScreenView.swift */; };
		AFA64D9E2C2319AF00737DC8 /* SocialButtonView.swift in Sources */ = {isa = PBXBuildFile; fileRef = AFA64D9D2C2319AF00737DC8 /* SocialButtonView.swift */; };
		AFA64DA02C2320DE00737DC8 /* ContactModel.swift in Sources */ = {isa = PBXBuildFile; fileRef = AFA64D9F2C2320DE00737DC8 /* ContactModel.swift */; };
		AFC1D2F62C2749B900FF1DBB /* WidgetKit.framework in Frameworks */ = {isa = PBXBuildFile; fileRef = AFC1D2F52C2749B900FF1DBB /* WidgetKit.framework */; };
		AFC1D2F82C2749B900FF1DBB /* SwiftUI.framework in Frameworks */ = {isa = PBXBuildFile; fileRef = AFC1D2F72C2749B900FF1DBB /* SwiftUI.framework */; };
		AFC1D2FB2C2749B900FF1DBB /* HW4_WidgetBundle.swift in Sources */ = {isa = PBXBuildFile; fileRef = AFC1D2FA2C2749B900FF1DBB /* HW4_WidgetBundle.swift */; };
		AFC1D2FD2C2749B900FF1DBB /* HW4_WidgetLiveActivity.swift in Sources */ = {isa = PBXBuildFile; fileRef = AFC1D2FC2C2749B900FF1DBB /* HW4_WidgetLiveActivity.swift */; };
		AFC1D2FF2C2749B900FF1DBB /* HW4_Widget.swift in Sources */ = {isa = PBXBuildFile; fileRef = AFC1D2FE2C2749B900FF1DBB /* HW4_Widget.swift */; };
		AFC1D3012C2749B900FF1DBB /* AppIntent.swift in Sources */ = {isa = PBXBuildFile; fileRef = AFC1D3002C2749B900FF1DBB /* AppIntent.swift */; };
		AFC1D3032C2749BB00FF1DBB /* Assets.xcassets in Resources */ = {isa = PBXBuildFile; fileRef = AFC1D3022C2749BB00FF1DBB /* Assets.xcassets */; };
		AFC1D3072C2749BB00FF1DBB /* HW4_WidgetExtension.appex in Embed Foundation Extensions */ = {isa = PBXBuildFile; fileRef = AFC1D2F32C2749B900FF1DBB /* HW4_WidgetExtension.appex */; settings = {ATTRIBUTES = (RemoveHeadersOnCopy, ); }; };
/* End PBXBuildFile section */

/* Begin PBXContainerItemProxy section */
		AFC1D3052C2749BB00FF1DBB /* PBXContainerItemProxy */ = {
			isa = PBXContainerItemProxy;
			containerPortal = AFA64D5A2C19DC8300737DC8 /* Project object */;
			proxyType = 1;
			remoteGlobalIDString = AFC1D2F22C2749B900FF1DBB;
			remoteInfo = HW4_WidgetExtension;
		};
/* End PBXContainerItemProxy section */

/* Begin PBXCopyFilesBuildPhase section */
		AFC1D3082C2749BB00FF1DBB /* Embed Foundation Extensions */ = {
			isa = PBXCopyFilesBuildPhase;
			buildActionMask = 2147483647;
			dstPath = "";
			dstSubfolderSpec = 13;
			files = (
				AFC1D3072C2749BB00FF1DBB /* HW4_WidgetExtension.appex in Embed Foundation Extensions */,
			);
			name = "Embed Foundation Extensions";
			runOnlyForDeploymentPostprocessing = 0;
		};
/* End PBXCopyFilesBuildPhase section */

/* Begin PBXFileReference section */
		AFA64D622C19DC8300737DC8 /* WBChats.app */ = {isa = PBXFileReference; explicitFileType = wrapper.application; includeInIndex = 0; path = WBChats.app; sourceTree = BUILT_PRODUCTS_DIR; };
		AFA64D652C19DC8300737DC8 /* WBChatsApp.swift */ = {isa = PBXFileReference; lastKnownFileType = sourcecode.swift; path = WBChatsApp.swift; sourceTree = "<group>"; };
		AFA64D672C19DC8300737DC8 /* WalkthroughView.swift */ = {isa = PBXFileReference; lastKnownFileType = sourcecode.swift; path = WalkthroughView.swift; sourceTree = "<group>"; };
		AFA64D692C19DC8500737DC8 /* Assets.xcassets */ = {isa = PBXFileReference; lastKnownFileType = folder.assetcatalog; path = Assets.xcassets; sourceTree = "<group>"; };
		AFA64D6C2C19DC8500737DC8 /* Preview Assets.xcassets */ = {isa = PBXFileReference; lastKnownFileType = folder.assetcatalog; path = "Preview Assets.xcassets"; sourceTree = "<group>"; };
		AFA64D752C1A0D9E00737DC8 /* HeadlineTitleView.swift */ = {isa = PBXFileReference; lastKnownFileType = sourcecode.swift; path = HeadlineTitleView.swift; sourceTree = "<group>"; };
		AFA64D772C1A0DBD00737DC8 /* ButtonWBView.swift */ = {isa = PBXFileReference; lastKnownFileType = sourcecode.swift; path = ButtonWBView.swift; sourceTree = "<group>"; };
		AFA64D792C1A0E4D00737DC8 /* ModalPrivacyPolicyView.swift */ = {isa = PBXFileReference; lastKnownFileType = sourcecode.swift; path = ModalPrivacyPolicyView.swift; sourceTree = "<group>"; };
		AFA64D7B2C1A0E6E00737DC8 /* ModalTermsOfUseView.swift */ = {isa = PBXFileReference; lastKnownFileType = sourcecode.swift; path = ModalTermsOfUseView.swift; sourceTree = "<group>"; };
		AFA64D7F2C1A169B00737DC8 /* TitleView.swift */ = {isa = PBXFileReference; lastKnownFileType = sourcecode.swift; path = TitleView.swift; sourceTree = "<group>"; };
		AFA64D812C1A17E400737DC8 /* TextView.swift */ = {isa = PBXFileReference; lastKnownFileType = sourcecode.swift; path = TextView.swift; sourceTree = "<group>"; };
		AFA64D832C1A1B2E00737DC8 /* ContactsRows.swift */ = {isa = PBXFileReference; lastKnownFileType = sourcecode.swift; path = ContactsRows.swift; sourceTree = "<group>"; };
		AFA64D852C1A200600737DC8 /* AvatarView.swift */ = {isa = PBXFileReference; lastKnownFileType = sourcecode.swift; path = AvatarView.swift; sourceTree = "<group>"; };
		AFA64D872C1DD31C00737DC8 /* ContactsView.swift */ = {isa = PBXFileReference; lastKnownFileType = sourcecode.swift; path = ContactsView.swift; sourceTree = "<group>"; };
		AFA64D892C1E318A00737DC8 /* ProfileAccountView.swift */ = {isa = PBXFileReference; lastKnownFileType = sourcecode.swift; path = ProfileAccountView.swift; sourceTree = "<group>"; };
		AFA64D8B2C1F6A1800737DC8 /* PersonRowView.swift */ = {isa = PBXFileReference; lastKnownFileType = sourcecode.swift; path = PersonRowView.swift; sourceTree = "<group>"; };
		AFA64D8D2C1F6D5600737DC8 /* GrayTextView.swift */ = {isa = PBXFileReference; lastKnownFileType = sourcecode.swift; path = GrayTextView.swift; sourceTree = "<group>"; };
		AFA64D922C20BF8200737DC8 /* DetailsAvatarView.swift */ = {isa = PBXFileReference; lastKnownFileType = sourcecode.swift; path = DetailsAvatarView.swift; sourceTree = "<group>"; };
		AFA64D942C20D64200737DC8 /* ChatsView.swift */ = {isa = PBXFileReference; lastKnownFileType = sourcecode.swift; path = ChatsView.swift; sourceTree = "<group>"; };
		AFA64D962C20D65500737DC8 /* MoreView.swift */ = {isa = PBXFileReference; lastKnownFileType = sourcecode.swift; path = MoreView.swift; sourceTree = "<group>"; };
		AFA64D992C20D72200737DC8 /* CurrentScreenView.swift */ = {isa = PBXFileReference; lastKnownFileType = sourcecode.swift; path = CurrentScreenView.swift; sourceTree = "<group>"; };
		AFA64D9D2C2319AF00737DC8 /* SocialButtonView.swift */ = {isa = PBXFileReference; lastKnownFileType = sourcecode.swift; path = SocialButtonView.swift; sourceTree = "<group>"; };
		AFA64D9F2C2320DE00737DC8 /* ContactModel.swift */ = {isa = PBXFileReference; lastKnownFileType = sourcecode.swift; path = ContactModel.swift; sourceTree = "<group>"; };
		AFC1D2F32C2749B900FF1DBB /* HW4_WidgetExtension.appex */ = {isa = PBXFileReference; explicitFileType = "wrapper.app-extension"; includeInIndex = 0; path = HW4_WidgetExtension.appex; sourceTree = BUILT_PRODUCTS_DIR; };
		AFC1D2F52C2749B900FF1DBB /* WidgetKit.framework */ = {isa = PBXFileReference; lastKnownFileType = wrapper.framework; name = WidgetKit.framework; path = System/Library/Frameworks/WidgetKit.framework; sourceTree = SDKROOT; };
		AFC1D2F72C2749B900FF1DBB /* SwiftUI.framework */ = {isa = PBXFileReference; lastKnownFileType = wrapper.framework; name = SwiftUI.framework; path = System/Library/Frameworks/SwiftUI.framework; sourceTree = SDKROOT; };
		AFC1D2FA2C2749B900FF1DBB /* HW4_WidgetBundle.swift */ = {isa = PBXFileReference; lastKnownFileType = sourcecode.swift; path = HW4_WidgetBundle.swift; sourceTree = "<group>"; };
		AFC1D2FC2C2749B900FF1DBB /* HW4_WidgetLiveActivity.swift */ = {isa = PBXFileReference; lastKnownFileType = sourcecode.swift; path = HW4_WidgetLiveActivity.swift; sourceTree = "<group>"; };
		AFC1D2FE2C2749B900FF1DBB /* HW4_Widget.swift */ = {isa = PBXFileReference; lastKnownFileType = sourcecode.swift; path = HW4_Widget.swift; sourceTree = "<group>"; };
		AFC1D3002C2749B900FF1DBB /* AppIntent.swift */ = {isa = PBXFileReference; lastKnownFileType = sourcecode.swift; path = AppIntent.swift; sourceTree = "<group>"; };
		AFC1D3022C2749BB00FF1DBB /* Assets.xcassets */ = {isa = PBXFileReference; lastKnownFileType = folder.assetcatalog; path = Assets.xcassets; sourceTree = "<group>"; };
		AFC1D3042C2749BB00FF1DBB /* Info.plist */ = {isa = PBXFileReference; lastKnownFileType = text.plist.xml; path = Info.plist; sourceTree = "<group>"; };
		AFC1D3292C319C7600FF1DBB /* HW5_Bank.playground */ = {isa = PBXFileReference; lastKnownFileType = file.playground; path = HW5_Bank.playground; sourceTree = "<group>"; xcLanguageSpecificationIdentifier = xcode.lang.swift; };
		AFC1D32A2C3424FE00FF1DBB /* HW6_Factory.playground */ = {isa = PBXFileReference; lastKnownFileType = file.playground; path = HW6_Factory.playground; sourceTree = "<group>"; xcLanguageSpecificationIdentifier = xcode.lang.swift; };
/* End PBXFileReference section */

/* Begin PBXFrameworksBuildPhase section */
		AFA64D5F2C19DC8300737DC8 /* Frameworks */ = {
			isa = PBXFrameworksBuildPhase;
			buildActionMask = 2147483647;
			files = (
			);
			runOnlyForDeploymentPostprocessing = 0;
		};
		AFC1D2F02C2749B900FF1DBB /* Frameworks */ = {
			isa = PBXFrameworksBuildPhase;
			buildActionMask = 2147483647;
			files = (
				AFC1D2F82C2749B900FF1DBB /* SwiftUI.framework in Frameworks */,
				AFC1D2F62C2749B900FF1DBB /* WidgetKit.framework in Frameworks */,
			);
			runOnlyForDeploymentPostprocessing = 0;
		};
/* End PBXFrameworksBuildPhase section */

/* Begin PBXGroup section */
		AFA64D592C19DC8300737DC8 = {
			isa = PBXGroup;
			children = (
				AFC1D32A2C3424FE00FF1DBB /* HW6_Factory.playground */,
				AFC1D3292C319C7600FF1DBB /* HW5_Bank.playground */,
				AFA64D642C19DC8300737DC8 /* WBChats */,
				AFC1D2F92C2749B900FF1DBB /* HW4_Widget */,
				AFC1D2F42C2749B900FF1DBB /* Frameworks */,
				AFA64D632C19DC8300737DC8 /* Products */,
			);
			sourceTree = "<group>";
		};
		AFA64D632C19DC8300737DC8 /* Products */ = {
			isa = PBXGroup;
			children = (
				AFA64D622C19DC8300737DC8 /* WBChats.app */,
				AFC1D2F32C2749B900FF1DBB /* HW4_WidgetExtension.appex */,
			);
			name = Products;
			sourceTree = "<group>";
		};
		AFA64D642C19DC8300737DC8 /* WBChats */ = {
			isa = PBXGroup;
			children = (
				AFA64D7D2C1A10AC00737DC8 /* HW3_Contacts */,
				AFA64D732C19DCBF00737DC8 /* HW2_Onboarding */,
				AFA64D652C19DC8300737DC8 /* WBChatsApp.swift */,
				AFA64D692C19DC8500737DC8 /* Assets.xcassets */,
				AFA64D6B2C19DC8500737DC8 /* Preview Content */,
			);
			path = WBChats;
			sourceTree = "<group>";
		};
		AFA64D6B2C19DC8500737DC8 /* Preview Content */ = {
			isa = PBXGroup;
			children = (
				AFA64D6C2C19DC8500737DC8 /* Preview Assets.xcassets */,
			);
			path = "Preview Content";
			sourceTree = "<group>";
		};
		AFA64D732C19DCBF00737DC8 /* HW2_Onboarding */ = {
			isa = PBXGroup;
			children = (
				AFA64D672C19DC8300737DC8 /* WalkthroughView.swift */,
				AFA64D792C1A0E4D00737DC8 /* ModalPrivacyPolicyView.swift */,
				AFA64D7B2C1A0E6E00737DC8 /* ModalTermsOfUseView.swift */,
				AFA64D742C1A0D7100737DC8 /* ViewComponents */,
			);
			path = HW2_Onboarding;
			sourceTree = "<group>";
		};
		AFA64D742C1A0D7100737DC8 /* ViewComponents */ = {
			isa = PBXGroup;
			children = (
				AFA64D752C1A0D9E00737DC8 /* HeadlineTitleView.swift */,
				AFA64D772C1A0DBD00737DC8 /* ButtonWBView.swift */,
			);
			path = ViewComponents;
			sourceTree = "<group>";
		};
		AFA64D7D2C1A10AC00737DC8 /* HW3_Contacts */ = {
			isa = PBXGroup;
			children = (
				AFA64D992C20D72200737DC8 /* CurrentScreenView.swift */,
				AFA64D9F2C2320DE00737DC8 /* ContactModel.swift */,
				AFA64D7E2C1A164700737DC8 /* ViewComponents */,
				AFA64D982C20D67200737DC8 /* Screens */,
			);
			path = HW3_Contacts;
			sourceTree = "<group>";
		};
		AFA64D7E2C1A164700737DC8 /* ViewComponents */ = {
			isa = PBXGroup;
			children = (
				AFA64D8F2C1F6DB500737DC8 /* Texts */,
				AFA64D852C1A200600737DC8 /* AvatarView.swift */,
				AFA64D922C20BF8200737DC8 /* DetailsAvatarView.swift */,
				AFA64D9D2C2319AF00737DC8 /* SocialButtonView.swift */,
				AFA64D832C1A1B2E00737DC8 /* ContactsRows.swift */,
				AFA64D8B2C1F6A1800737DC8 /* PersonRowView.swift */,
			);
			path = ViewComponents;
			sourceTree = "<group>";
		};
		AFA64D8F2C1F6DB500737DC8 /* Texts */ = {
			isa = PBXGroup;
			children = (
				AFA64D8D2C1F6D5600737DC8 /* GrayTextView.swift */,
				AFA64D812C1A17E400737DC8 /* TextView.swift */,
				AFA64D7F2C1A169B00737DC8 /* TitleView.swift */,
			);
			path = Texts;
			sourceTree = "<group>";
		};
		AFA64D982C20D67200737DC8 /* Screens */ = {
			isa = PBXGroup;
			children = (
				AFA64D892C1E318A00737DC8 /* ProfileAccountView.swift */,
				AFA64D872C1DD31C00737DC8 /* ContactsView.swift */,
				AFA64D942C20D64200737DC8 /* ChatsView.swift */,
				AFA64D962C20D65500737DC8 /* MoreView.swift */,
			);
			path = Screens;
			sourceTree = "<group>";
		};
		AFC1D2F42C2749B900FF1DBB /* Frameworks */ = {
			isa = PBXGroup;
			children = (
				AFC1D2F52C2749B900FF1DBB /* WidgetKit.framework */,
				AFC1D2F72C2749B900FF1DBB /* SwiftUI.framework */,
			);
			name = Frameworks;
			sourceTree = "<group>";
		};
		AFC1D2F92C2749B900FF1DBB /* HW4_Widget */ = {
			isa = PBXGroup;
			children = (
				AFC1D2FA2C2749B900FF1DBB /* HW4_WidgetBundle.swift */,
				AFC1D2FC2C2749B900FF1DBB /* HW4_WidgetLiveActivity.swift */,
				AFC1D2FE2C2749B900FF1DBB /* HW4_Widget.swift */,
				AFC1D3002C2749B900FF1DBB /* AppIntent.swift */,
				AFC1D3022C2749BB00FF1DBB /* Assets.xcassets */,
				AFC1D3042C2749BB00FF1DBB /* Info.plist */,
			);
			path = HW4_Widget;
			sourceTree = "<group>";
		};
/* End PBXGroup section */

/* Begin PBXNativeTarget section */
		AFA64D612C19DC8300737DC8 /* WBChats */ = {
			isa = PBXNativeTarget;
			buildConfigurationList = AFA64D702C19DC8500737DC8 /* Build configuration list for PBXNativeTarget "WBChats" */;
			buildPhases = (
				AFA64D5E2C19DC8300737DC8 /* Sources */,
				AFA64D5F2C19DC8300737DC8 /* Frameworks */,
				AFA64D602C19DC8300737DC8 /* Resources */,
				AFC1D3082C2749BB00FF1DBB /* Embed Foundation Extensions */,
			);
			buildRules = (
			);
			dependencies = (
				AFC1D3062C2749BB00FF1DBB /* PBXTargetDependency */,
			);
			name = WBChats;
			productName = WBChats;
			productReference = AFA64D622C19DC8300737DC8 /* WBChats.app */;
			productType = "com.apple.product-type.application";
		};
		AFC1D2F22C2749B900FF1DBB /* HW4_WidgetExtension */ = {
			isa = PBXNativeTarget;
			buildConfigurationList = AFC1D30B2C2749BB00FF1DBB /* Build configuration list for PBXNativeTarget "HW4_WidgetExtension" */;
			buildPhases = (
				AFC1D2EF2C2749B900FF1DBB /* Sources */,
				AFC1D2F02C2749B900FF1DBB /* Frameworks */,
				AFC1D2F12C2749B900FF1DBB /* Resources */,
			);
			buildRules = (
			);
			dependencies = (
			);
			name = HW4_WidgetExtension;
			productName = HW4_WidgetExtension;
			productReference = AFC1D2F32C2749B900FF1DBB /* HW4_WidgetExtension.appex */;
			productType = "com.apple.product-type.app-extension";
		};
/* End PBXNativeTarget section */

/* Begin PBXProject section */
		AFA64D5A2C19DC8300737DC8 /* Project object */ = {
			isa = PBXProject;
			attributes = {
				BuildIndependentTargetsInParallel = 1;
				LastSwiftUpdateCheck = 1520;
				LastUpgradeCheck = 1520;
				TargetAttributes = {
					AFA64D612C19DC8300737DC8 = {
						CreatedOnToolsVersion = 15.2;
					};
					AFC1D2F22C2749B900FF1DBB = {
						CreatedOnToolsVersion = 15.2;
					};
				};
			};
			buildConfigurationList = AFA64D5D2C19DC8300737DC8 /* Build configuration list for PBXProject "WBChats" */;
			compatibilityVersion = "Xcode 14.0";
			developmentRegion = en;
			hasScannedForEncodings = 0;
			knownRegions = (
				en,
				Base,
			);
			mainGroup = AFA64D592C19DC8300737DC8;
			productRefGroup = AFA64D632C19DC8300737DC8 /* Products */;
			projectDirPath = "";
			projectRoot = "";
			targets = (
				AFA64D612C19DC8300737DC8 /* WBChats */,
				AFC1D2F22C2749B900FF1DBB /* HW4_WidgetExtension */,
			);
		};
/* End PBXProject section */

/* Begin PBXResourcesBuildPhase section */
		AFA64D602C19DC8300737DC8 /* Resources */ = {
			isa = PBXResourcesBuildPhase;
			buildActionMask = 2147483647;
			files = (
				AFA64D6D2C19DC8500737DC8 /* Preview Assets.xcassets in Resources */,
				AFA64D6A2C19DC8500737DC8 /* Assets.xcassets in Resources */,
			);
			runOnlyForDeploymentPostprocessing = 0;
		};
		AFC1D2F12C2749B900FF1DBB /* Resources */ = {
			isa = PBXResourcesBuildPhase;
			buildActionMask = 2147483647;
			files = (
				AFC1D3032C2749BB00FF1DBB /* Assets.xcassets in Resources */,
			);
			runOnlyForDeploymentPostprocessing = 0;
		};
/* End PBXResourcesBuildPhase section */

/* Begin PBXSourcesBuildPhase section */
		AFA64D5E2C19DC8300737DC8 /* Sources */ = {
			isa = PBXSourcesBuildPhase;
			buildActionMask = 2147483647;
			files = (
				AFA64D682C19DC8300737DC8 /* WalkthroughView.swift in Sources */,
				AFA64D972C20D65500737DC8 /* MoreView.swift in Sources */,
				AFA64D822C1A17E400737DC8 /* TextView.swift in Sources */,
				AFA64D932C20BF8200737DC8 /* DetailsAvatarView.swift in Sources */,
				AFA64D8E2C1F6D5600737DC8 /* GrayTextView.swift in Sources */,
				AFA64D952C20D64200737DC8 /* ChatsView.swift in Sources */,
				AFA64D842C1A1B2E00737DC8 /* ContactsRows.swift in Sources */,
				AFA64D9E2C2319AF00737DC8 /* SocialButtonView.swift in Sources */,
				AFA64D8C2C1F6A1800737DC8 /* PersonRowView.swift in Sources */,
				AFA64D9A2C20D72200737DC8 /* CurrentScreenView.swift in Sources */,
				AFA64DA02C2320DE00737DC8 /* ContactModel.swift in Sources */,
				AFA64D7A2C1A0E4D00737DC8 /* ModalPrivacyPolicyView.swift in Sources */,
				AFA64D782C1A0DBD00737DC8 /* ButtonWBView.swift in Sources */,
				AFA64D802C1A169B00737DC8 /* TitleView.swift in Sources */,
				AFA64D762C1A0D9E00737DC8 /* HeadlineTitleView.swift in Sources */,
				AFA64D862C1A200600737DC8 /* AvatarView.swift in Sources */,
				AFA64D8A2C1E318A00737DC8 /* ProfileAccountView.swift in Sources */,
				AFA64D662C19DC8300737DC8 /* WBChatsApp.swift in Sources */,
				AFA64D882C1DD31C00737DC8 /* ContactsView.swift in Sources */,
				AFA64D7C2C1A0E6E00737DC8 /* ModalTermsOfUseView.swift in Sources */,
			);
			runOnlyForDeploymentPostprocessing = 0;
		};
		AFC1D2EF2C2749B900FF1DBB /* Sources */ = {
			isa = PBXSourcesBuildPhase;
			buildActionMask = 2147483647;
			files = (
				AFC1D2FF2C2749B900FF1DBB /* HW4_Widget.swift in Sources */,
				AFC1D3012C2749B900FF1DBB /* AppIntent.swift in Sources */,
				AFC1D2FD2C2749B900FF1DBB /* HW4_WidgetLiveActivity.swift in Sources */,
				AFC1D2FB2C2749B900FF1DBB /* HW4_WidgetBundle.swift in Sources */,
			);
			runOnlyForDeploymentPostprocessing = 0;
		};
/* End PBXSourcesBuildPhase section */

/* Begin PBXTargetDependency section */
		AFC1D3062C2749BB00FF1DBB /* PBXTargetDependency */ = {
			isa = PBXTargetDependency;
			target = AFC1D2F22C2749B900FF1DBB /* HW4_WidgetExtension */;
			targetProxy = AFC1D3052C2749BB00FF1DBB /* PBXContainerItemProxy */;
		};
/* End PBXTargetDependency section */

/* Begin XCBuildConfiguration section */
		AFA64D6E2C19DC8500737DC8 /* Debug */ = {
			isa = XCBuildConfiguration;
			buildSettings = {
				ALWAYS_SEARCH_USER_PATHS = NO;
				ASSETCATALOG_COMPILER_GENERATE_SWIFT_ASSET_SYMBOL_EXTENSIONS = YES;
				CLANG_ANALYZER_NONNULL = YES;
				CLANG_ANALYZER_NUMBER_OBJECT_CONVERSION = YES_AGGRESSIVE;
				CLANG_CXX_LANGUAGE_STANDARD = "gnu++20";
				CLANG_ENABLE_MODULES = YES;
				CLANG_ENABLE_OBJC_ARC = YES;
				CLANG_ENABLE_OBJC_WEAK = YES;
				CLANG_WARN_BLOCK_CAPTURE_AUTORELEASING = YES;
				CLANG_WARN_BOOL_CONVERSION = YES;
				CLANG_WARN_COMMA = YES;
				CLANG_WARN_CONSTANT_CONVERSION = YES;
				CLANG_WARN_DEPRECATED_OBJC_IMPLEMENTATIONS = YES;
				CLANG_WARN_DIRECT_OBJC_ISA_USAGE = YES_ERROR;
				CLANG_WARN_DOCUMENTATION_COMMENTS = YES;
				CLANG_WARN_EMPTY_BODY = YES;
				CLANG_WARN_ENUM_CONVERSION = YES;
				CLANG_WARN_INFINITE_RECURSION = YES;
				CLANG_WARN_INT_CONVERSION = YES;
				CLANG_WARN_NON_LITERAL_NULL_CONVERSION = YES;
				CLANG_WARN_OBJC_IMPLICIT_RETAIN_SELF = YES;
				CLANG_WARN_OBJC_LITERAL_CONVERSION = YES;
				CLANG_WARN_OBJC_ROOT_CLASS = YES_ERROR;
				CLANG_WARN_QUOTED_INCLUDE_IN_FRAMEWORK_HEADER = YES;
				CLANG_WARN_RANGE_LOOP_ANALYSIS = YES;
				CLANG_WARN_STRICT_PROTOTYPES = YES;
				CLANG_WARN_SUSPICIOUS_MOVE = YES;
				CLANG_WARN_UNGUARDED_AVAILABILITY = YES_AGGRESSIVE;
				CLANG_WARN_UNREACHABLE_CODE = YES;
				CLANG_WARN__DUPLICATE_METHOD_MATCH = YES;
				COPY_PHASE_STRIP = NO;
				DEBUG_INFORMATION_FORMAT = dwarf;
				ENABLE_STRICT_OBJC_MSGSEND = YES;
				ENABLE_TESTABILITY = YES;
				ENABLE_USER_SCRIPT_SANDBOXING = YES;
				GCC_C_LANGUAGE_STANDARD = gnu17;
				GCC_DYNAMIC_NO_PIC = NO;
				GCC_NO_COMMON_BLOCKS = YES;
				GCC_OPTIMIZATION_LEVEL = 0;
				GCC_PREPROCESSOR_DEFINITIONS = (
					"DEBUG=1",
					"$(inherited)",
				);
				GCC_WARN_64_TO_32_BIT_CONVERSION = YES;
				GCC_WARN_ABOUT_RETURN_TYPE = YES_ERROR;
				GCC_WARN_UNDECLARED_SELECTOR = YES;
				GCC_WARN_UNINITIALIZED_AUTOS = YES_AGGRESSIVE;
				GCC_WARN_UNUSED_FUNCTION = YES;
				GCC_WARN_UNUSED_VARIABLE = YES;
				IPHONEOS_DEPLOYMENT_TARGET = 17.2;
				LOCALIZATION_PREFERS_STRING_CATALOGS = YES;
				MTL_ENABLE_DEBUG_INFO = INCLUDE_SOURCE;
				MTL_FAST_MATH = YES;
				ONLY_ACTIVE_ARCH = YES;
				SDKROOT = iphoneos;
				SWIFT_ACTIVE_COMPILATION_CONDITIONS = "DEBUG $(inherited)";
				SWIFT_OPTIMIZATION_LEVEL = "-Onone";
			};
			name = Debug;
		};
		AFA64D6F2C19DC8500737DC8 /* Release */ = {
			isa = XCBuildConfiguration;
			buildSettings = {
				ALWAYS_SEARCH_USER_PATHS = NO;
				ASSETCATALOG_COMPILER_GENERATE_SWIFT_ASSET_SYMBOL_EXTENSIONS = YES;
				CLANG_ANALYZER_NONNULL = YES;
				CLANG_ANALYZER_NUMBER_OBJECT_CONVERSION = YES_AGGRESSIVE;
				CLANG_CXX_LANGUAGE_STANDARD = "gnu++20";
				CLANG_ENABLE_MODULES = YES;
				CLANG_ENABLE_OBJC_ARC = YES;
				CLANG_ENABLE_OBJC_WEAK = YES;
				CLANG_WARN_BLOCK_CAPTURE_AUTORELEASING = YES;
				CLANG_WARN_BOOL_CONVERSION = YES;
				CLANG_WARN_COMMA = YES;
				CLANG_WARN_CONSTANT_CONVERSION = YES;
				CLANG_WARN_DEPRECATED_OBJC_IMPLEMENTATIONS = YES;
				CLANG_WARN_DIRECT_OBJC_ISA_USAGE = YES_ERROR;
				CLANG_WARN_DOCUMENTATION_COMMENTS = YES;
				CLANG_WARN_EMPTY_BODY = YES;
				CLANG_WARN_ENUM_CONVERSION = YES;
				CLANG_WARN_INFINITE_RECURSION = YES;
				CLANG_WARN_INT_CONVERSION = YES;
				CLANG_WARN_NON_LITERAL_NULL_CONVERSION = YES;
				CLANG_WARN_OBJC_IMPLICIT_RETAIN_SELF = YES;
				CLANG_WARN_OBJC_LITERAL_CONVERSION = YES;
				CLANG_WARN_OBJC_ROOT_CLASS = YES_ERROR;
				CLANG_WARN_QUOTED_INCLUDE_IN_FRAMEWORK_HEADER = YES;
				CLANG_WARN_RANGE_LOOP_ANALYSIS = YES;
				CLANG_WARN_STRICT_PROTOTYPES = YES;
				CLANG_WARN_SUSPICIOUS_MOVE = YES;
				CLANG_WARN_UNGUARDED_AVAILABILITY = YES_AGGRESSIVE;
				CLANG_WARN_UNREACHABLE_CODE = YES;
				CLANG_WARN__DUPLICATE_METHOD_MATCH = YES;
				COPY_PHASE_STRIP = NO;
				DEBUG_INFORMATION_FORMAT = "dwarf-with-dsym";
				ENABLE_NS_ASSERTIONS = NO;
				ENABLE_STRICT_OBJC_MSGSEND = YES;
				ENABLE_USER_SCRIPT_SANDBOXING = YES;
				GCC_C_LANGUAGE_STANDARD = gnu17;
				GCC_NO_COMMON_BLOCKS = YES;
				GCC_WARN_64_TO_32_BIT_CONVERSION = YES;
				GCC_WARN_ABOUT_RETURN_TYPE = YES_ERROR;
				GCC_WARN_UNDECLARED_SELECTOR = YES;
				GCC_WARN_UNINITIALIZED_AUTOS = YES_AGGRESSIVE;
				GCC_WARN_UNUSED_FUNCTION = YES;
				GCC_WARN_UNUSED_VARIABLE = YES;
				IPHONEOS_DEPLOYMENT_TARGET = 17.2;
				LOCALIZATION_PREFERS_STRING_CATALOGS = YES;
				MTL_ENABLE_DEBUG_INFO = NO;
				MTL_FAST_MATH = YES;
				SDKROOT = iphoneos;
				SWIFT_COMPILATION_MODE = wholemodule;
				VALIDATE_PRODUCT = YES;
			};
			name = Release;
		};
		AFA64D712C19DC8500737DC8 /* Debug */ = {
			isa = XCBuildConfiguration;
			buildSettings = {
				ALWAYS_EMBED_SWIFT_STANDARD_LIBRARIES = YES;
				ASSETCATALOG_COMPILER_APPICON_NAME = AppIcon;
				ASSETCATALOG_COMPILER_GLOBAL_ACCENT_COLOR_NAME = AccentColor;
				CODE_SIGN_STYLE = Automatic;
				CURRENT_PROJECT_VERSION = 1;
				DEVELOPMENT_ASSET_PATHS = "\"WBChats/Preview Content\"";
				ENABLE_PREVIEWS = YES;
				GENERATE_INFOPLIST_FILE = YES;
				INFOPLIST_KEY_UIApplicationSceneManifest_Generation = YES;
				INFOPLIST_KEY_UIApplicationSupportsIndirectInputEvents = YES;
				INFOPLIST_KEY_UILaunchScreen_Generation = YES;
				INFOPLIST_KEY_UISupportedInterfaceOrientations_iPad = "UIInterfaceOrientationPortrait UIInterfaceOrientationPortraitUpsideDown UIInterfaceOrientationLandscapeLeft UIInterfaceOrientationLandscapeRight";
				INFOPLIST_KEY_UISupportedInterfaceOrientations_iPhone = "UIInterfaceOrientationPortrait UIInterfaceOrientationLandscapeLeft UIInterfaceOrientationLandscapeRight";
				IPHONEOS_DEPLOYMENT_TARGET = 17.2;
				LD_RUNPATH_SEARCH_PATHS = (
					"$(inherited)",
					"@executable_path/Frameworks",
				);
				MARKETING_VERSION = 1.0;
				PRODUCT_BUNDLE_IDENTIFIER = EvstigneevaUA.WBChats;
				PRODUCT_NAME = "$(TARGET_NAME)";
				SUPPORTED_PLATFORMS = "iphoneos iphonesimulator";
				SUPPORTS_MACCATALYST = NO;
				SUPPORTS_MAC_DESIGNED_FOR_IPHONE_IPAD = NO;
				SUPPORTS_XR_DESIGNED_FOR_IPHONE_IPAD = NO;
				SWIFT_EMIT_LOC_STRINGS = YES;
				SWIFT_VERSION = 5.0;
				TARGETED_DEVICE_FAMILY = 1;
			};
			name = Debug;
		};
		AFA64D722C19DC8500737DC8 /* Release */ = {
			isa = XCBuildConfiguration;
			buildSettings = {
				ALWAYS_EMBED_SWIFT_STANDARD_LIBRARIES = YES;
				ASSETCATALOG_COMPILER_APPICON_NAME = AppIcon;
				ASSETCATALOG_COMPILER_GLOBAL_ACCENT_COLOR_NAME = AccentColor;
				CODE_SIGN_STYLE = Automatic;
				CURRENT_PROJECT_VERSION = 1;
				DEVELOPMENT_ASSET_PATHS = "\"WBChats/Preview Content\"";
				ENABLE_PREVIEWS = YES;
				GENERATE_INFOPLIST_FILE = YES;
				INFOPLIST_KEY_UIApplicationSceneManifest_Generation = YES;
				INFOPLIST_KEY_UIApplicationSupportsIndirectInputEvents = YES;
				INFOPLIST_KEY_UILaunchScreen_Generation = YES;
				INFOPLIST_KEY_UISupportedInterfaceOrientations_iPad = "UIInterfaceOrientationPortrait UIInterfaceOrientationPortraitUpsideDown UIInterfaceOrientationLandscapeLeft UIInterfaceOrientationLandscapeRight";
				INFOPLIST_KEY_UISupportedInterfaceOrientations_iPhone = "UIInterfaceOrientationPortrait UIInterfaceOrientationLandscapeLeft UIInterfaceOrientationLandscapeRight";
				IPHONEOS_DEPLOYMENT_TARGET = 17.2;
				LD_RUNPATH_SEARCH_PATHS = (
					"$(inherited)",
					"@executable_path/Frameworks",
				);
				MARKETING_VERSION = 1.0;
				PRODUCT_BUNDLE_IDENTIFIER = EvstigneevaUA.WBChats;
				PRODUCT_NAME = "$(TARGET_NAME)";
				SUPPORTED_PLATFORMS = "iphoneos iphonesimulator";
				SUPPORTS_MACCATALYST = NO;
				SUPPORTS_MAC_DESIGNED_FOR_IPHONE_IPAD = NO;
				SUPPORTS_XR_DESIGNED_FOR_IPHONE_IPAD = NO;
				SWIFT_EMIT_LOC_STRINGS = YES;
				SWIFT_VERSION = 5.0;
				TARGETED_DEVICE_FAMILY = 1;
			};
			name = Release;
		};
		AFC1D3092C2749BB00FF1DBB /* Debug */ = {
			isa = XCBuildConfiguration;
			buildSettings = {
				ASSETCATALOG_COMPILER_GLOBAL_ACCENT_COLOR_NAME = AccentColor;
				ASSETCATALOG_COMPILER_WIDGET_BACKGROUND_COLOR_NAME = WidgetBackground;
				CODE_SIGN_STYLE = Automatic;
				CURRENT_PROJECT_VERSION = 1;
				GENERATE_INFOPLIST_FILE = YES;
				INFOPLIST_FILE = HW4_Widget/Info.plist;
				INFOPLIST_KEY_CFBundleDisplayName = HW4_Widget;
				INFOPLIST_KEY_NSHumanReadableCopyright = "";
				LD_RUNPATH_SEARCH_PATHS = (
					"$(inherited)",
					"@executable_path/Frameworks",
					"@executable_path/../../Frameworks",
				);
				MARKETING_VERSION = 1.0;
				PRODUCT_BUNDLE_IDENTIFIER = "EvstigneevaUA.WBChats.HW4-Widget";
				PRODUCT_NAME = "$(TARGET_NAME)";
				SKIP_INSTALL = YES;
				SWIFT_EMIT_LOC_STRINGS = YES;
				SWIFT_VERSION = 5.0;
				TARGETED_DEVICE_FAMILY = "1,2";
			};
			name = Debug;
		};
		AFC1D30A2C2749BB00FF1DBB /* Release */ = {
			isa = XCBuildConfiguration;
			buildSettings = {
				ASSETCATALOG_COMPILER_GLOBAL_ACCENT_COLOR_NAME = AccentColor;
				ASSETCATALOG_COMPILER_WIDGET_BACKGROUND_COLOR_NAME = WidgetBackground;
				CODE_SIGN_STYLE = Automatic;
				CURRENT_PROJECT_VERSION = 1;
				GENERATE_INFOPLIST_FILE = YES;
				INFOPLIST_FILE = HW4_Widget/Info.plist;
				INFOPLIST_KEY_CFBundleDisplayName = HW4_Widget;
				INFOPLIST_KEY_NSHumanReadableCopyright = "";
				LD_RUNPATH_SEARCH_PATHS = (
					"$(inherited)",
					"@executable_path/Frameworks",
					"@executable_path/../../Frameworks",
				);
				MARKETING_VERSION = 1.0;
				PRODUCT_BUNDLE_IDENTIFIER = "EvstigneevaUA.WBChats.HW4-Widget";
				PRODUCT_NAME = "$(TARGET_NAME)";
				SKIP_INSTALL = YES;
				SWIFT_EMIT_LOC_STRINGS = YES;
				SWIFT_VERSION = 5.0;
				TARGETED_DEVICE_FAMILY = "1,2";
			};
			name = Release;
		};
/* End XCBuildConfiguration section */

/* Begin XCConfigurationList section */
		AFA64D5D2C19DC8300737DC8 /* Build configuration list for PBXProject "WBChats" */ = {
			isa = XCConfigurationList;
			buildConfigurations = (
				AFA64D6E2C19DC8500737DC8 /* Debug */,
				AFA64D6F2C19DC8500737DC8 /* Release */,
			);
			defaultConfigurationIsVisible = 0;
			defaultConfigurationName = Release;
		};
		AFA64D702C19DC8500737DC8 /* Build configuration list for PBXNativeTarget "WBChats" */ = {
			isa = XCConfigurationList;
			buildConfigurations = (
				AFA64D712C19DC8500737DC8 /* Debug */,
				AFA64D722C19DC8500737DC8 /* Release */,
			);
			defaultConfigurationIsVisible = 0;
			defaultConfigurationName = Release;
		};
		AFC1D30B2C2749BB00FF1DBB /* Build configuration list for PBXNativeTarget "HW4_WidgetExtension" */ = {
			isa = XCConfigurationList;
			buildConfigurations = (
				AFC1D3092C2749BB00FF1DBB /* Debug */,
				AFC1D30A2C2749BB00FF1DBB /* Release */,
			);
			defaultConfigurationIsVisible = 0;
			defaultConfigurationName = Release;
		};
/* End XCConfigurationList section */
	};
	rootObject = AFA64D5A2C19DC8300737DC8 /* Project object */;
}
